
Microsoft Visual Studio Solution File, Format Version 12.00
# Visual Studio 15
VisualStudioVersion = 15.0.28307.1082
MinimumVisualStudioVersion = 10.0.40219.1
Project("{888888A0-9F3D-457C-B088-3A5042F75D52}") = "tensor_board_demo", "tensor_board_demo\tensor_board_demo.pyproj", "{87E7140B-5231-431E-A363-F9BD09F7504A}"
EndProject
Global
	GlobalSection(SolutionConfigurationPlatforms) = preSolution
		Debug|Any CPU = Debug|Any CPU
		Release|Any CPU = Release|Any CPU
	EndGlobalSection
	GlobalSection(ProjectConfigurationPlatforms) = postSolution
		{87E7140B-5231-431E-A363-F9BD09F7504A}.Debug|Any CPU.ActiveCfg = Debug|Any CPU
		{87E7140B-5231-431E-A363-F9BD09F7504A}.Release|Any CPU.ActiveCfg = Release|Any CPU
	EndGlobalSection
	GlobalSection(SolutionProperties) = preSolution
		HideSolutionNode = FALSE
	EndGlobalSection
	GlobalSection(ExtensibilityGlobals) = postSolution
		SolutionGuid = {A9457F9B-74DB-49E0-BB35-1FD6D24BB065}
	EndGlobalSection
EndGlobal
